
Microsoft Visual Studio Solution File, Format Version 12.00
Project("{FAE04EC0-301F-11D3-BF4B-00C04F79EFBC}") = "TypeScript.ContractGenerator", "TypeScript.ContractGenerator\TypeScript.ContractGenerator.csproj", "{0C0DD59E-BBEF-4E06-8231-66EA741352CC}"
EndProject
Project("{FAE04EC0-301F-11D3-BF4B-00C04F79EFBC}") = "TypeScript.ContractGenerator.Tests", "TypeScript.ContractGenerator.Tests\TypeScript.ContractGenerator.Tests.csproj", "{645D702F-3B2C-466A-BA1A-CBD3C7A60137}"
EndProject
Global
	GlobalSection(SolutionConfigurationPlatforms) = preSolution
		Debug|Any CPU = Debug|Any CPU
		Release|Any CPU = Release|Any CPU
	EndGlobalSection
	GlobalSection(ProjectConfigurationPlatforms) = postSolution
		{0C0DD59E-BBEF-4E06-8231-66EA741352CC}.Debug|Any CPU.ActiveCfg = Debug|Any CPU
		{0C0DD59E-BBEF-4E06-8231-66EA741352CC}.Debug|Any CPU.Build.0 = Debug|Any CPU
		{0C0DD59E-BBEF-4E06-8231-66EA741352CC}.Release|Any CPU.ActiveCfg = Release|Any CPU
		{0C0DD59E-BBEF-4E06-8231-66EA741352CC}.Release|Any CPU.Build.0 = Release|Any CPU
		{645D702F-3B2C-466A-BA1A-CBD3C7A60137}.Debug|Any CPU.ActiveCfg = Debug|Any CPU
		{645D702F-3B2C-466A-BA1A-CBD3C7A60137}.Debug|Any CPU.Build.0 = Debug|Any CPU
		{645D702F-3B2C-466A-BA1A-CBD3C7A60137}.Release|Any CPU.ActiveCfg = Release|Any CPU
		{645D702F-3B2C-466A-BA1A-CBD3C7A60137}.Release|Any CPU.Build.0 = Release|Any CPU
	EndGlobalSection
EndGlobal
